
Microsoft Visual Studio Solution File, Format Version 12.00
# Visual Studio Version 17
VisualStudioVersion = 17.0.31903.59
MinimumVisualStudioVersion = 10.0.40219.1
Project("{FAE04EC0-301F-11D3-BF4B-00C04F79EFBC}") = "GuildfordBsac.Web", "GuildfordBsac.Web.csproj", "{6C096047-CDFE-4E46-8FE8-7A620F584096}"
EndProject
Project("{FAE04EC0-301F-11D3-BF4B-00C04F79EFBC}") = "GuildfordBsac.Web.Tests", "GuildfordBsac.Web.Tests\GuildfordBsac.Web.Tests.csproj", "{9860CB6A-A069-4304-B247-2B96DA0C943F}"
EndProject
Global
	GlobalSection(SolutionConfigurationPlatforms) = preSolution
		Debug|Any CPU = Debug|Any CPU
		Release|Any CPU = Release|Any CPU
	EndGlobalSection
	GlobalSection(SolutionProperties) = preSolution
		HideSolutionNode = FALSE
	EndGlobalSection
	GlobalSection(ProjectConfigurationPlatforms) = postSolution
		{6C096047-CDFE-4E46-8FE8-7A620F584096}.Debug|Any CPU.ActiveCfg = Debug|Any CPU
		{6C096047-CDFE-4E46-8FE8-7A620F584096}.Debug|Any CPU.Build.0 = Debug|Any CPU
		{6C096047-CDFE-4E46-8FE8-7A620F584096}.Release|Any CPU.ActiveCfg = Release|Any CPU
		{6C096047-CDFE-4E46-8FE8-7A620F584096}.Release|Any CPU.Build.0 = Release|Any CPU
		{9860CB6A-A069-4304-B247-2B96DA0C943F}.Debug|Any CPU.ActiveCfg = Debug|Any CPU
		{9860CB6A-A069-4304-B247-2B96DA0C943F}.Debug|Any CPU.Build.0 = Debug|Any CPU
		{9860CB6A-A069-4304-B247-2B96DA0C943F}.Release|Any CPU.ActiveCfg = Release|Any CPU
		{9860CB6A-A069-4304-B247-2B96DA0C943F}.Release|Any CPU.Build.0 = Release|Any CPU
	EndGlobalSection
EndGlobal
