
Microsoft Visual Studio Solution File, Format Version 12.00
# Visual Studio Version 17
VisualStudioVersion = 17.8.34330.188
MinimumVisualStudioVersion = 10.0.40219.1
Project("{9A19103F-16F7-4668-BE54-9A1E7A4F7556}") = "GuildfordBsac.Web", "GuildfordBsac.Web.csproj", "{1E93DAFC-BC1F-403E-A10F-04E3FA9A598B}"
EndProject
Global
	GlobalSection(SolutionConfigurationPlatforms) = preSolution
		Debug|Any CPU = Debug|Any CPU
		Debug46|Any CPU = Debug46|Any CPU
		Release|Any CPU = Release|Any CPU
		Release40|Any CPU = Release40|Any CPU
		Release45|Any CPU = Release45|Any CPU
		Release46|Any CPU = Release46|Any CPU
	EndGlobalSection
	GlobalSection(ProjectConfigurationPlatforms) = postSolution
		{1E93DAFC-BC1F-403E-A10F-04E3FA9A598B}.Debug|Any CPU.ActiveCfg = Debug|Any CPU
		{1E93DAFC-BC1F-403E-A10F-04E3FA9A598B}.Debug|Any CPU.Build.0 = Debug|Any CPU
		{1E93DAFC-BC1F-403E-A10F-04E3FA9A598B}.Debug46|Any CPU.ActiveCfg = Debug|Any CPU
		{1E93DAFC-BC1F-403E-A10F-04E3FA9A598B}.Debug46|Any CPU.Build.0 = Debug|Any CPU
		{1E93DAFC-BC1F-403E-A10F-04E3FA9A598B}.Release|Any CPU.ActiveCfg = Release|Any CPU
		{1E93DAFC-BC1F-403E-A10F-04E3FA9A598B}.Release|Any CPU.Build.0 = Release|Any CPU
		{1E93DAFC-BC1F-403E-A10F-04E3FA9A598B}.Release40|Any CPU.ActiveCfg = Release|Any CPU
		{1E93DAFC-BC1F-403E-A10F-04E3FA9A598B}.Release40|Any CPU.Build.0 = Release|Any CPU
		{1E93DAFC-BC1F-403E-A10F-04E3FA9A598B}.Release45|Any CPU.ActiveCfg = Release|Any CPU
		{1E93DAFC-BC1F-403E-A10F-04E3FA9A598B}.Release45|Any CPU.Build.0 = Release|Any CPU
		{1E93DAFC-BC1F-403E-A10F-04E3FA9A598B}.Release46|Any CPU.ActiveCfg = Release|Any CPU
		{1E93DAFC-BC1F-403E-A10F-04E3FA9A598B}.Release46|Any CPU.Build.0 = Release|Any CPU
	EndGlobalSection
	GlobalSection(SolutionProperties) = preSolution
		HideSolutionNode = FALSE
	EndGlobalSection
	GlobalSection(ExtensibilityGlobals) = postSolution
		SolutionGuid = {570220F4-A134-4438-AA69-114B30C52E64}
	EndGlobalSection
EndGlobal
